
Microsoft Visual Studio Solution File, Format Version 12.00
# Visual Studio Version 17
VisualStudioVersion = 17.5.33530.505
MinimumVisualStudioVersion = 10.0.40219.1
Project("{FAE04EC0-301F-11D3-BF4B-00C04F79EFBC}") = "R-Chat-Server", "R-Chat-Server.csproj", "{03445165-081E-4380-9C42-0A67C3E84805}"
EndProject
Global
	GlobalSection(SolutionConfigurationPlatforms) = preSolution
		Debug|Any CPU = Debug|Any CPU
		Release|Any CPU = Release|Any CPU
	EndGlobalSection
	GlobalSection(ProjectConfigurationPlatforms) = postSolution
		{03445165-081E-4380-9C42-0A67C3E84805}.Debug|Any CPU.ActiveCfg = Debug|Any CPU
		{03445165-081E-4380-9C42-0A67C3E84805}.Debug|Any CPU.Build.0 = Debug|Any CPU
		{03445165-081E-4380-9C42-0A67C3E84805}.Release|Any CPU.ActiveCfg = Release|Any CPU
		{03445165-081E-4380-9C42-0A67C3E84805}.Release|Any CPU.Build.0 = Release|Any CPU
	EndGlobalSection
	GlobalSection(SolutionProperties) = preSolution
		HideSolutionNode = FALSE
	EndGlobalSection
	GlobalSection(ExtensibilityGlobals) = postSolution
		SolutionGuid = {B1E4DDB6-C0F8-4AD2-A0AF-E38B5D0C2A3D}
	EndGlobalSection
EndGlobal
